// !$*UTF8*$!
{
	archiveVersion = 1;
	classes = {
	};
	objectVersion = 110;
	objects = {

/* Begin PBXContainerItemProxy section */
		EB46EA20305E09AC007858F4 /* PBXContainerItemProxy */ = {
			isa = PBXContainerItemProxy;
			containerPortal = EB46EA0A305E09AB007858F4 /* Project object */;
			proxyType = 1;
			remoteGlobalIDString = EB46EA11305E09AB007858F4;
			remoteInfo = Morpho;
		};
		EB46EA2A305E09AC007858F4 /* PBXContainerItemProxy */ = {
			isa = PBXContainerItemProxy;
			containerPortal = EB46EA0A305E09AB007858F4 /* Project object */;
			proxyType = 1;
			remoteGlobalIDString = EB46EA11305E09AB007858F4;
			remoteInfo = Morpho;
		};
/* End PBXContainerItemProxy section */

/* Begin PBXFileReference section */
		EB46EA12305E09AB007858F4 /* Morpho.app */ = {isa = PBXFileReference; explicitFileType = wrapper.application; includeInIndex = 0; path = Morpho.app; sourceTree = BUILT_PRODUCTS_DIR; };
		EB46EA1F305E09AC007858F4 /* MorphoTests.xctest */ = {isa = PBXFileReference; explicitFileType = wrapper.cfbundle; includeInIndex = 0; path = MorphoTests.xctest; sourceTree = BUILT_PRODUCTS_DIR; };
		EB46EA29305E09AC007858F4 /* MorphoUITests.xctest */ = {isa = PBXFileReference; explicitFileType = wrapper.cfbundle; includeInIndex = 0; path = MorphoUITests.xctest; sourceTree = BUILT_PRODUCTS_DIR; };
/* End PBXFileReference section */

/* Begin PBXFileSystemSynchronizedRootGroup section */
		EB46EA14305E09AB007858F4 /* Morpho */ = {
			isa = PBXFileSystemSynchronizedRootGroup;
			path = Morpho;
			sourceTree = "<group>";
		};
		EB46EA22305E09AC007858F4 /* MorphoTests */ = {
			isa = PBXFileSystemSynchronizedRootGroup;
			path = MorphoTests;
			sourceTree = "<group>";
		};
		EB46EA2C305E09AC007858F4 /* MorphoUITests */ = {
			isa = PBXFileSystemSynchronizedRootGroup;
			path = MorphoUITests;
			sourceTree = "<group>";
		};
/* End PBXFileSystemSynchronizedRootGroup section */

/* Begin PBXFrameworksBuildPhase section */
		EB46EA0F305E09AB007858F4 /* Frameworks */ = {
			isa = PBXFrameworksBuildPhase;
			files = (
			);
		};
		EB46EA1C305E09AC007858F4 /* Frameworks */ = {
			isa = PBXFrameworksBuildPhase;
			files = (
			);
		};
		EB46EA26305E09AC007858F4 /* Frameworks */ = {
			isa = PBXFrameworksBuildPhase;
			files = (
			);
		};
/* End PBXFrameworksBuildPhase section */

/* Begin PBXGroup section */
		EB46EA09305E09AB007858F4 = {
			isa = PBXGroup;
			children = (
				EB46EA14305E09AB007858F4 /* Morpho */,
				EB46EA22305E09AC007858F4 /* MorphoTests */,
				EB46EA2C305E09AC007858F4 /* MorphoUITests */,
				EB46EA13305E09AB007858F4 /* Products */,
			);
			sourceTree = "<group>";
		};
		EB46EA13305E09AB007858F4 /* Products */ = {
			isa = PBXGroup;
			children = (
				EB46EA12305E09AB007858F4 /* Morpho.app */,
				EB46EA1F305E09AC007858F4 /* MorphoTests.xctest */,
				EB46EA29305E09AC007858F4 /* MorphoUITests.xctest */,
			);
			name = Products;
			sourceTree = "<group>";
		};
/* End PBXGroup section */

/* Begin PBXNativeTarget section */
		EB46EA11305E09AB007858F4 /* Morpho */ = {
			isa = PBXNativeTarget;
			buildConfigurationList = EB46EA31305E09AC007858F4 /* Build configuration list for PBXNativeTarget "Morpho" */;
			buildPhases = (
				EB46EA0E305E09AB007858F4 /* Sources */,
				EB46EA0F305E09AB007858F4 /* Frameworks */,
				EB46EA10305E09AB007858F4 /* Resources */,
			);
			buildRules = (
			);
			fileSystemSynchronizedGroups = (
				EB46EA14305E09AB007858F4 /* Morpho */,
			);
			name = Morpho;
			productName = Morpho;
			productReference = EB46EA12305E09AB007858F4 /* Morpho.app */;
			productType = "com.apple.product-type.application";
		};
		EB46EA1E305E09AC007858F4 /* MorphoTests */ = {
			isa = PBXNativeTarget;
			buildConfigurationList = EB46EA34305E09AC007858F4 /* Build configuration list for PBXNativeTarget "MorphoTests" */;
			buildPhases = (
				EB46EA1B305E09AC007858F4 /* Sources */,
				EB46EA1C305E09AC007858F4 /* Frameworks */,
				EB46EA1D305E09AC007858F4 /* Resources */,
			);
			buildRules = (
			);
			dependencies = (
				EB46EA21305E09AC007858F4 /* PBXTargetDependency */,
			);
			fileSystemSynchronizedGroups = (
				EB46EA22305E09AC007858F4 /* MorphoTests */,
			);
			name = MorphoTests;
			productName = MorphoTests;
			productReference = EB46EA1F305E09AC007858F4 /* MorphoTests.xctest */;
			productType = "com.apple.product-type.bundle.unit-test";
		};
		EB46EA28305E09AC007858F4 /* MorphoUITests */ = {
			isa = PBXNativeTarget;
			buildConfigurationList = EB46EA37305E09AC007858F4 /* Build configuration list for PBXNativeTarget "MorphoUITests" */;
			buildPhases = (
				EB46EA25305E09AC007858F4 /* Sources */,
				EB46EA26305E09AC007858F4 /* Frameworks */,
				EB46EA27305E09AC007858F4 /* Resources */,
			);
			buildRules = (
			);
			dependencies = (
				EB46EA2B305E09AC007858F4 /* PBXTargetDependency */,
			);
			fileSystemSynchronizedGroups = (
				EB46EA2C305E09AC007858F4 /* MorphoUITests */,
			);
			name = MorphoUITests;
			productName = MorphoUITests;
			productReference = EB46EA29305E09AC007858F4 /* MorphoUITests.xctest */;
			productType = "com.apple.product-type.bundle.ui-testing";
		};
/* End PBXNativeTarget section */

/* Begin PBXProject section */
		EB46EA0A305E09AB007858F4 /* Project object */ = {
			isa = PBXProject;
			attributes = {
				BuildIndependentTargetsInParallel = 1;
				LastSwiftUpdateCheck = 2710;
				LastUpgradeCheck = 2710;
				TargetAttributes = {
					EB46EA11305E09AB007858F4 = {
						CreatedOnToolsVersion = 27.1;
					};
					EB46EA1E305E09AC007858F4 = {
						CreatedOnToolsVersion = 27.1;
						TestTargetID = EB46EA11305E09AB007858F4;
					};
					EB46EA28305E09AC007858F4 = {
						CreatedOnToolsVersion = 27.1;
						TestTargetID = EB46EA11305E09AB007858F4;
					};
				};
			};
			buildConfigurationList = EB46EA0D305E09AB007858F4 /* Build configuration list for PBXProject "Morpho" */;
			developmentRegion = en;
			hasScannedForEncodings = 0;
			knownRegions = (
				en,
				Base,
			);
			mainGroup = EB46EA09305E09AB007858F4;
			minimizedProjectReferenceProxies = 1;
			preferredProjectObjectVersion = 77;
			productRefGroup = EB46EA13305E09AB007858F4 /* Products */;
			projectDirPath = "";
			projectRoot = "";
			targets = (
				EB46EA11305E09AB007858F4 /* Morpho */,
				EB46EA1E305E09AC007858F4 /* MorphoTests */,
				EB46EA28305E09AC007858F4 /* MorphoUITests */,
			);
		};
/* End PBXProject section */

/* Begin PBXResourcesBuildPhase section */
		EB46EA10305E09AB007858F4 /* Resources */ = {
			isa = PBXResourcesBuildPhase;
			files = (
			);
		};
		EB46EA1D305E09AC007858F4 /* Resources */ = {
			isa = PBXResourcesBuildPhase;
			files = (
			);
		};
		EB46EA27305E09AC007858F4 /* Resources */ = {
			isa = PBXResourcesBuildPhase;
			files = (
			);
		};
/* End PBXResourcesBuildPhase section */

/* Begin PBXSourcesBuildPhase section */
		EB46EA0E305E09AB007858F4 /* Sources */ = {
			isa = PBXSourcesBuildPhase;
			files = (
			);
		};
		EB46EA1B305E09AC007858F4 /* Sources */ = {
			isa = PBXSourcesBuildPhase;
			files = (
			);
		};
		EB46EA25305E09AC007858F4 /* Sources */ = {
			isa = PBXSourcesBuildPhase;
			files = (
			);
		};
/* End PBXSourcesBuildPhase section */

/* Begin PBXTargetDependency section */
		EB46EA21305E09AC007858F4 /* PBXTargetDependency */ = {
			isa = PBXTargetDependency;
			target = EB46EA11305E09AB007858F4 /* Morpho */;
			targetProxy = EB46EA20305E09AC007858F4 /* PBXContainerItemProxy */;
		};
		EB46EA2B305E09AC007858F4 /* PBXTargetDependency */ = {
			isa = PBXTargetDependency;
			target = EB46EA11305E09AB007858F4 /* Morpho */;
			targetProxy = EB46EA2A305E09AC007858F4 /* PBXContainerItemProxy */;
		};
/* End PBXTargetDependency section */

/* Begin XCBuildConfiguration section */
		EB46EA2F305E09AC007858F4 /* Debug configuration for PBXProject "Morpho" */ = {
			isa = XCBuildConfiguration;
			buildSettings = {
				ALWAYS_SEARCH_USER_PATHS = NO;
				ASSETCATALOG_COMPILER_GENERATE_SWIFT_ASSET_SYMBOL_EXTENSIONS = YES;
				CLANG_ANALYZER_NONNULL = YES;
				CLANG_ANALYZER_NUMBER_OBJECT_CONVERSION = YES_AGGRESSIVE;
				CLANG_CXX_LANGUAGE_STANDARD = "gnu++20";
				CLANG_ENABLE_MODULES = YES;
				CLANG_ENABLE_OBJC_ARC = YES;
				CLANG_ENABLE_OBJC_WEAK = YES;
				CLANG_WARN_BLOCK_CAPTURE_AUTORELEASING = YES;
				CLANG_WARN_BOOL_CONVERSION = YES;
				CLANG_WARN_COMMA = YES;
				CLANG_WARN_CONSTANT_CONVERSION = YES;
				CLANG_WARN_DEPRECATED_OBJC_IMPLEMENTATIONS = YES;
				CLANG_WARN_DIRECT_OBJC_ISA_USAGE = YES_ERROR;
				CLANG_WARN_DOCUMENTATION_COMMENTS = YES;
				CLANG_WARN_EMPTY_BODY = YES;
				CLANG_WARN_ENUM_CONVERSION = YES;
				CLANG_WARN_INFINITE_RECURSION = YES;
				CLANG_WARN_INT_CONVERSION = YES;
				CLANG_WARN_NON_LITERAL_NULL_CONVERSION = YES;
				CLANG_WARN_OBJC_IMPLICIT_RETAIN_SELF = YES;
				CLANG_WARN_OBJC_LITERAL_CONVERSION = YES;
				CLANG_WARN_OBJC_ROOT_CLASS = YES_ERROR;
				CLANG_WARN_QUOTED_INCLUDE_IN_FRAMEWORK_HEADER = YES;
				CLANG_WARN_RANGE_LOOP_ANALYSIS = YES;
				CLANG_WARN_STRICT_PROTOTYPES = YES;
				CLANG_WARN_SUSPICIOUS_MOVE = YES;
				CLANG_WARN_UNGUARDED_AVAILABILITY = YES_AGGRESSIVE;
				CLANG_WARN_UNREACHABLE_CODE = YES;
				CLANG_WARN__DUPLICATE_METHOD_MATCH = YES;
				COPY_PHASE_STRIP = NO;
				DEBUG_INFORMATION_FORMAT = dwarf;
				DEVELOPMENT_TEAM = DMUCQZ5KQ9;
				ENABLE_STRICT_OBJC_MSGSEND = YES;
				ENABLE_TESTABILITY = YES;
				ENABLE_USER_SCRIPT_SANDBOXING = YES;
				GCC_C_LANGUAGE_STANDARD = gnu17;
				GCC_DYNAMIC_NO_PIC = NO;
				GCC_NO_COMMON_BLOCKS = YES;
				GCC_OPTIMIZATION_LEVEL = 0;
				GCC_PREPROCESSOR_DEFINITIONS = (
					"DEBUG=1",
					"$(inherited)",
				);
				GCC_WARN_64_TO_32_BIT_CONVERSION = YES;
				GCC_WARN_ABOUT_RETURN_TYPE = YES_ERROR;
				GCC_WARN_UNDECLARED_SELECTOR = YES;
				GCC_WARN_UNINITIALIZED_AUTOS = YES_AGGRESSIVE;
				GCC_WARN_UNUSED_FUNCTION = YES;
				GCC_WARN_UNUSED_VARIABLE = YES;
				IPHONEOS_DEPLOYMENT_TARGET = 27.0;
				LOCALIZATION_PREFERS_STRING_CATALOGS = YES;
				MTL_ENABLE_DEBUG_INFO = INCLUDE_SOURCE;
				MTL_FAST_MATH = YES;
				ONLY_ACTIVE_ARCH = YES;
				SDKROOT = iphoneos;
				SWIFT_ACTIVE_COMPILATION_CONDITIONS = "DEBUG $(inherited)";
				SWIFT_OPTIMIZATION_LEVEL = "-Onone";
			};
			name = Debug;
		};
		EB46EA30305E09AC007858F4 /* Release configuration for PBXProject "Morpho" */ = {
			isa = XCBuildConfiguration;
			buildSettings = {
				ALWAYS_SEARCH_USER_PATHS = NO;
				ASSETCATALOG_COMPILER_GENERATE_SWIFT_ASSET_SYMBOL_EXTENSIONS = YES;
				CLANG_ANALYZER_NONNULL = YES;
				CLANG_ANALYZER_NUMBER_OBJECT_CONVERSION = YES_AGGRESSIVE;
				CLANG_CXX_LANGUAGE_STANDARD = "gnu++20";
				CLANG_ENABLE_MODULES = YES;
				CLANG_ENABLE_OBJC_ARC = YES;
				CLANG_ENABLE_OBJC_WEAK = YES;
				CLANG_WARN_BLOCK_CAPTURE_AUTORELEASING = YES;
				CLANG_WARN_BOOL_CONVERSION = YES;
				CLANG_WARN_COMMA = YES;
				CLANG_WARN_CONSTANT_CONVERSION = YES;
				CLANG_WARN_DEPRECATED_OBJC_IMPLEMENTATIONS = YES;
				CLANG_WARN_DIRECT_OBJC_ISA_USAGE = YES_ERROR;
				CLANG_WARN_DOCUMENTATION_COMMENTS = YES;
				CLANG_WARN_EMPTY_BODY = YES;
				CLANG_WARN_ENUM_CONVERSION = YES;
				CLANG_WARN_INFINITE_RECURSION = YES;
				CLANG_WARN_INT_CONVERSION = YES;
				CLANG_WARN_NON_LITERAL_NULL_CONVERSION = YES;
				CLANG_WARN_OBJC_IMPLICIT_RETAIN_SELF = YES;
				CLANG_WARN_OBJC_LITERAL_CONVERSION = YES;
				CLANG_WARN_OBJC_ROOT_CLASS = YES_ERROR;
				CLANG_WARN_QUOTED_INCLUDE_IN_FRAMEWORK_HEADER = YES;
				CLANG_WARN_RANGE_LOOP_ANALYSIS = YES;
				CLANG_WARN_STRICT_PROTOTYPES = YES;
				CLANG_WARN_SUSPICIOUS_MOVE = YES;
				CLANG_WARN_UNGUARDED_AVAILABILITY = YES_AGGRESSIVE;
				CLANG_WARN_UNREACHABLE_CODE = YES;
				CLANG_WARN__DUPLICATE_METHOD_MATCH = YES;
				COPY_PHASE_STRIP = NO;
				DEBUG_INFORMATION_FORMAT = "dwarf-with-dsym";
				DEVELOPMENT_TEAM = DMUCQZ5KQ9;
				ENABLE_NS_ASSERTIONS = NO;
				ENABLE_STRICT_OBJC_MSGSEND = YES;
				ENABLE_USER_SCRIPT_SANDBOXING = YES;
				GCC_C_LANGUAGE_STANDARD = gnu17;
				GCC_NO_COMMON_BLOCKS = YES;
				GCC_WARN_64_TO_32_BIT_CONVERSION = YES;
				GCC_WARN_ABOUT_RETURN_TYPE = YES_ERROR;
				GCC_WARN_UNDECLARED_SELECTOR = YES;
				GCC_WARN_UNINITIALIZED_AUTOS = YES_AGGRESSIVE;
				GCC_WARN_UNUSED_FUNCTION = YES;
				GCC_WARN_UNUSED_VARIABLE = YES;
				IPHONEOS_DEPLOYMENT_TARGET = 27.0;
				LOCALIZATION_PREFERS_STRING_CATALOGS = YES;
				MTL_ENABLE_DEBUG_INFO = NO;
				MTL_FAST_MATH = YES;
				SDKROOT = iphoneos;
				SWIFT_COMPILATION_MODE = wholemodule;
				VALIDATE_PRODUCT = YES;
			};
			name = Release;
		};
		EB46EA32305E09AC007858F4 /* Debug configuration for PBXNativeTarget "Morpho" */ = {
			isa = XCBuildConfiguration;
			buildSettings = {
				ASSETCATALOG_COMPILER_APPICON_NAME = AppIcon;
				ASSETCATALOG_COMPILER_GLOBAL_ACCENT_COLOR_NAME = AccentColor;
				CODE_SIGN_STYLE = Automatic;
				CURRENT_PROJECT_VERSION = 1;
				DEVELOPMENT_TEAM = DMUCQZ5KQ9;
				ENABLE_PREVIEWS = YES;
				GENERATE_INFOPLIST_FILE = YES;
				INFOPLIST_KEY_UIApplicationSceneManifest_Generation = YES;
				INFOPLIST_KEY_UIApplicationSupportsIndirectInputEvents = YES;
				INFOPLIST_KEY_UILaunchScreen_Generation = YES;
				INFOPLIST_KEY_UISupportedInterfaceOrientations_iPad = "UIInterfaceOrientationPortrait UIInterfaceOrientationPortraitUpsideDown UIInterfaceOrientationLandscapeLeft UIInterfaceOrientationLandscapeRight";
				INFOPLIST_KEY_UISupportedInterfaceOrientations_iPhone = "UIInterfaceOrientationPortrait UIInterfaceOrientationLandscapeLeft UIInterfaceOrientationLandscapeRight";
				LD_RUNPATH_SEARCH_PATHS = (
					"$(inherited)",
					"@executable_path/Frameworks",
				);
				MARKETING_VERSION = 1.0;
				PRODUCT_BUNDLE_IDENTIFIER = com.akshaylakkur.Morpho;
				PRODUCT_NAME = "$(TARGET_NAME)";
				STRING_CATALOG_GENERATE_SYMBOLS = YES;
				SWIFT_APPROACHABLE_CONCURRENCY = YES;
				SWIFT_DEFAULT_ACTOR_ISOLATION = MainActor;
				SWIFT_EMIT_LOC_STRINGS = YES;
				SWIFT_UPCOMING_FEATURE_MEMBER_IMPORT_VISIBILITY = YES;
				SWIFT_VERSION = 5.0;
				TARGETED_DEVICE_FAMILY = "1,2";
			};
			name = Debug;
		};
		EB46EA33305E09AC007858F4 /* Release configuration for PBXNativeTarget "Morpho" */ = {
			isa = XCBuildConfiguration;
			buildSettings = {
				ASSETCATALOG_COMPILER_APPICON_NAME = AppIcon;
				ASSETCATALOG_COMPILER_GLOBAL_ACCENT_COLOR_NAME = AccentColor;
				CODE_SIGN_STYLE = Automatic;
				CURRENT_PROJECT_VERSION = 1;
				DEVELOPMENT_TEAM = DMUCQZ5KQ9;
				ENABLE_PREVIEWS = YES;
				GENERATE_INFOPLIST_FILE = YES;
				INFOPLIST_KEY_UIApplicationSceneManifest_Generation = YES;
				INFOPLIST_KEY_UIApplicationSupportsIndirectInputEvents = YES;
				INFOPLIST_KEY_UILaunchScreen_Generation = YES;
				INFOPLIST_KEY_UISupportedInterfaceOrientations_iPad = "UIInterfaceOrientationPortrait UIInterfaceOrientationPortraitUpsideDown UIInterfaceOrientationLandscapeLeft UIInterfaceOrientationLandscapeRight";
				INFOPLIST_KEY_UISupportedInterfaceOrientations_iPhone = "UIInterfaceOrientationPortrait UIInterfaceOrientationLandscapeLeft UIInterfaceOrientationLandscapeRight";
				LD_RUNPATH_SEARCH_PATHS = (
					"$(inherited)",
					"@executable_path/Frameworks",
				);
				MARKETING_VERSION = 1.0;
				PRODUCT_BUNDLE_IDENTIFIER = com.akshaylakkur.Morpho;
				PRODUCT_NAME = "$(TARGET_NAME)";
				STRING_CATALOG_GENERATE_SYMBOLS = YES;
				SWIFT_APPROACHABLE_CONCURRENCY = YES;
				SWIFT_DEFAULT_ACTOR_ISOLATION = MainActor;
				SWIFT_EMIT_LOC_STRINGS = YES;
				SWIFT_UPCOMING_FEATURE_MEMBER_IMPORT_VISIBILITY = YES;
				SWIFT_VERSION = 5.0;
				TARGETED_DEVICE_FAMILY = "1,2";
			};
			name = Release;
		};
		EB46EA35305E09AC007858F4 /* Debug configuration for PBXNativeTarget "MorphoTests" */ = {
			isa = XCBuildConfiguration;
			buildSettings = {
				BUNDLE_LOADER = "$(TEST_HOST)";
				CODE_SIGN_STYLE = Automatic;
				CURRENT_PROJECT_VERSION = 1;
				DEVELOPMENT_TEAM = DMUCQZ5KQ9;
				GENERATE_INFOPLIST_FILE = YES;
				IPHONEOS_DEPLOYMENT_TARGET = 27.0;
				MARKETING_VERSION = 1.0;
				PRODUCT_BUNDLE_IDENTIFIER = com.akshaylakkur.MorphoTests;
				PRODUCT_NAME = "$(TARGET_NAME)";
				STRING_CATALOG_GENERATE_SYMBOLS = NO;
				SWIFT_APPROACHABLE_CONCURRENCY = YES;
				SWIFT_EMIT_LOC_STRINGS = NO;
				SWIFT_UPCOMING_FEATURE_MEMBER_IMPORT_VISIBILITY = YES;
				SWIFT_VERSION = 5.0;
				TARGETED_DEVICE_FAMILY = "1,2";
				TEST_HOST = "$(BUILT_PRODUCTS_DIR)/Morpho.app/$(BUNDLE_EXECUTABLE_FOLDER_PATH)/Morpho";
			};
			name = Debug;
		};
		EB46EA36305E09AC007858F4 /* Release configuration for PBXNativeTarget "MorphoTests" */ = {
			isa = XCBuildConfiguration;
			buildSettings = {
				BUNDLE_LOADER = "$(TEST_HOST)";
				CODE_SIGN_STYLE = Automatic;
				CURRENT_PROJECT_VERSION = 1;
				DEVELOPMENT_TEAM = DMUCQZ5KQ9;
				GENERATE_INFOPLIST_FILE = YES;
				IPHONEOS_DEPLOYMENT_TARGET = 27.0;
				MARKETING_VERSION = 1.0;
				PRODUCT_BUNDLE_IDENTIFIER = com.akshaylakkur.MorphoTests;
				PRODUCT_NAME = "$(TARGET_NAME)";
				STRING_CATALOG_GENERATE_SYMBOLS = NO;
				SWIFT_APPROACHABLE_CONCURRENCY = YES;
				SWIFT_EMIT_LOC_STRINGS = NO;
				SWIFT_UPCOMING_FEATURE_MEMBER_IMPORT_VISIBILITY = YES;
				SWIFT_VERSION = 5.0;
				TARGETED_DEVICE_FAMILY = "1,2";
				TEST_HOST = "$(BUILT_PRODUCTS_DIR)/Morpho.app/$(BUNDLE_EXECUTABLE_FOLDER_PATH)/Morpho";
			};
			name = Release;
		};
		EB46EA38305E09AC007858F4 /* Debug configuration for PBXNativeTarget "MorphoUITests" */ = {
			isa = XCBuildConfiguration;
			buildSettings = {
				CODE_SIGN_STYLE = Automatic;
				CURRENT_PROJECT_VERSION = 1;
				DEVELOPMENT_TEAM = DMUCQZ5KQ9;
				GENERATE_INFOPLIST_FILE = YES;
				MARKETING_VERSION = 1.0;
				PRODUCT_BUNDLE_IDENTIFIER = com.akshaylakkur.MorphoUITests;
				PRODUCT_NAME = "$(TARGET_NAME)";
				STRING_CATALOG_GENERATE_SYMBOLS = NO;
				SWIFT_APPROACHABLE_CONCURRENCY = YES;
				SWIFT_EMIT_LOC_STRINGS = NO;
				SWIFT_UPCOMING_FEATURE_MEMBER_IMPORT_VISIBILITY = YES;
				SWIFT_VERSION = 5.0;
				TARGETED_DEVICE_FAMILY = "1,2";
				TEST_TARGET_NAME = Morpho;
			};
			name = Debug;
		};
		EB46EA39305E09AC007858F4 /* Release configuration for PBXNativeTarget "MorphoUITests" */ = {
			isa = XCBuildConfiguration;
			buildSettings = {
				CODE_SIGN_STYLE = Automatic;
				CURRENT_PROJECT_VERSION = 1;
				DEVELOPMENT_TEAM = DMUCQZ5KQ9;
				GENERATE_INFOPLIST_FILE = YES;
				MARKETING_VERSION = 1.0;
				PRODUCT_BUNDLE_IDENTIFIER = com.akshaylakkur.MorphoUITests;
				PRODUCT_NAME = "$(TARGET_NAME)";
				STRING_CATALOG_GENERATE_SYMBOLS = NO;
				SWIFT_APPROACHABLE_CONCURRENCY = YES;
				SWIFT_EMIT_LOC_STRINGS = NO;
				SWIFT_UPCOMING_FEATURE_MEMBER_IMPORT_VISIBILITY = YES;
				SWIFT_VERSION = 5.0;
				TARGETED_DEVICE_FAMILY = "1,2";
				TEST_TARGET_NAME = Morpho;
			};
			name = Release;
		};
/* End XCBuildConfiguration section */

/* Begin XCConfigurationList section */
		EB46EA0D305E09AB007858F4 /* Build configuration list for PBXProject "Morpho" */ = {
			isa = XCConfigurationList;
			buildConfigurations = (
				EB46EA2F305E09AC007858F4 /* Debug configuration for PBXProject "Morpho" */,
				EB46EA30305E09AC007858F4 /* Release configuration for PBXProject "Morpho" */,
			);
			defaultConfigurationName = Release;
		};
		EB46EA31305E09AC007858F4 /* Build configuration list for PBXNativeTarget "Morpho" */ = {
			isa = XCConfigurationList;
			buildConfigurations = (
				EB46EA32305E09AC007858F4 /* Debug configuration for PBXNativeTarget "Morpho" */,
				EB46EA33305E09AC007858F4 /* Release configuration for PBXNativeTarget "Morpho" */,
			);
			defaultConfigurationName = Release;
		};
		EB46EA34305E09AC007858F4 /* Build configuration list for PBXNativeTarget "MorphoTests" */ = {
			isa = XCConfigurationList;
			buildConfigurations = (
				EB46EA35305E09AC007858F4 /* Debug configuration for PBXNativeTarget "MorphoTests" */,
				EB46EA36305E09AC007858F4 /* Release configuration for PBXNativeTarget "MorphoTests" */,
			);
			defaultConfigurationName = Release;
		};
		EB46EA37305E09AC007858F4 /* Build configuration list for PBXNativeTarget "MorphoUITests" */ = {
			isa = XCConfigurationList;
			buildConfigurations = (
				EB46EA38305E09AC007858F4 /* Debug configuration for PBXNativeTarget "MorphoUITests" */,
				EB46EA39305E09AC007858F4 /* Release configuration for PBXNativeTarget "MorphoUITests" */,
			);
			defaultConfigurationName = Release;
		};
/* End XCConfigurationList section */
	};
	rootObject = EB46EA0A305E09AB007858F4 /* Project object */;
	validationLevel = 1;
}
